{
  "name": "taro-free-poster",
  "version": "2.1.5-beta.1",
  "lockfileVersion": 1,
  "requires": true,
  "dependencies": {
    "p-limit": {
      "version": "4.0.0",
      "requires": {
        "yocto-queue": "^1.0.0"
      },
      "dependencies": {
        "yocto-queue": {
          "version": "1.0.0",
          "resolved": "https://registry.npmjs.org/yocto-queue/-/yocto-queue-1.0.0.tgz",
          "integrity": "sha512-9bnSc/HEW2uRy67wc+T8UwauLuPJVn28jb+GtJY16iiKWyvmYJRXVT4UamsAEGQfPohgr2q4Tq0sQbQlxTfi1g=="
        }
      }
    }
  }
}
